
Microsoft Visual Studio Solution File, Format Version 12.00
# Visual Studio Version 17
VisualStudioVersion = 17.5.002.0
MinimumVisualStudioVersion = 10.0.40219.1
Project("{9A19103F-16F7-4668-BE54-9A1E7A4F7556}") = "JRDemo", "JRDemo\JRDemo.csproj", "{6DE39BB9-6892-47AF-8821-1CBB602F2AB4}"
EndProject
Global
	GlobalSection(SolutionConfigurationPlatforms) = preSolution
		Debug|Any CPU = Debug|Any CPU
		Release|Any CPU = Release|Any CPU
	EndGlobalSection
	GlobalSection(ProjectConfigurationPlatforms) = postSolution
		{6DE39BB9-6892-47AF-8821-1CBB602F2AB4}.Debug|Any CPU.ActiveCfg = Debug|Any CPU
		{6DE39BB9-6892-47AF-8821-1CBB602F2AB4}.Debug|Any CPU.Build.0 = Debug|Any CPU
		{6DE39BB9-6892-47AF-8821-1CBB602F2AB4}.Release|Any CPU.ActiveCfg = Release|Any CPU
		{6DE39BB9-6892-47AF-8821-1CBB602F2AB4}.Release|Any CPU.Build.0 = Release|Any CPU
	EndGlobalSection
	GlobalSection(SolutionProperties) = preSolution
		HideSolutionNode = FALSE
	EndGlobalSection
	GlobalSection(ExtensibilityGlobals) = postSolution
		SolutionGuid = {1D13D8E2-8AFB-402B-9330-F2D52BB65CF4}
	EndGlobalSection
EndGlobal
